
Microsoft Visual Studio Solution File, Format Version 12.00
# Visual Studio Version 17
VisualStudioVersion = 17.1.32328.378
MinimumVisualStudioVersion = 10.0.40219.1
Project("{9A19103F-16F7-4668-BE54-9A1E7A4F7556}") = "IOSLib", "src\IOSLib\IOSLib.csproj", "{47688532-DD3F-465C-814D-0E95AF5A657B}"
EndProject
Project("{9A19103F-16F7-4668-BE54-9A1E7A4F7556}") = "SampleConsole", "samples\SampleConsole\SampleConsole.csproj", "{DE8E14B2-E9AE-477C-86B4-2F34E9A7799B}"
EndProject
Project("{9A19103F-16F7-4668-BE54-9A1E7A4F7556}") = "IOSLib.SourceGenerator", "src\IOSLib.SourceGenerator\IOSLib.SourceGenerator.csproj", "{F8A812B3-2683-4C7B-9BD2-C5A6A64E0410}"
EndProject
Project("{9A19103F-16F7-4668-BE54-9A1E7A4F7556}") = "IOSLib.CompilerServices", "src\IOSLib.CompilerServices\IOSLib.CompilerServices.csproj", "{92C660ED-B570-49AE-AB0F-AC11BA017AF2}"
EndProject
Project("{9A19103F-16F7-4668-BE54-9A1E7A4F7556}") = "IOSLib.AFC", "src\IOSLib.AFC\IOSLib.AFC.csproj", "{602FF178-A5E4-4757-B829-02EFF8483ACE}"
EndProject
Project("{9A19103F-16F7-4668-BE54-9A1E7A4F7556}") = "Docs", "docs\Docs.csproj", "{D5AA8E6E-ADC6-457A-B8A7-3E5B61338D45}"
EndProject
Project("{2150E333-8FDC-42A3-9474-1A3956D46DE8}") = "Solution Items", "Solution Items", "{04D41150-2BBE-4749-B595-799A236B2C55}"
	ProjectSection(SolutionItems) = preProject
		.editorconfig = .editorconfig
	EndProjectSection
EndProject
Project("{2150E333-8FDC-42A3-9474-1A3956D46DE8}") = "src", "src", "{A266625F-7607-469F-BDA7-B9AB14ABBBF6}"
EndProject
Project("{2150E333-8FDC-42A3-9474-1A3956D46DE8}") = "samples", "samples", "{D62FEDCA-D28F-47E0-94E5-DF23C2194813}"
EndProject
Global
	GlobalSection(SolutionConfigurationPlatforms) = preSolution
		Debug|Any CPU = Debug|Any CPU
		Release|Any CPU = Release|Any CPU
	EndGlobalSection
	GlobalSection(ProjectConfigurationPlatforms) = postSolution
		{47688532-DD3F-465C-814D-0E95AF5A657B}.Debug|Any CPU.ActiveCfg = Debug|Any CPU
		{47688532-DD3F-465C-814D-0E95AF5A657B}.Debug|Any CPU.Build.0 = Debug|Any CPU
		{47688532-DD3F-465C-814D-0E95AF5A657B}.Release|Any CPU.ActiveCfg = Release|Any CPU
		{47688532-DD3F-465C-814D-0E95AF5A657B}.Release|Any CPU.Build.0 = Release|Any CPU
		{DE8E14B2-E9AE-477C-86B4-2F34E9A7799B}.Debug|Any CPU.ActiveCfg = Debug|Any CPU
		{DE8E14B2-E9AE-477C-86B4-2F34E9A7799B}.Debug|Any CPU.Build.0 = Debug|Any CPU
		{DE8E14B2-E9AE-477C-86B4-2F34E9A7799B}.Release|Any CPU.ActiveCfg = Release|Any CPU
		{DE8E14B2-E9AE-477C-86B4-2F34E9A7799B}.Release|Any CPU.Build.0 = Release|Any CPU
		{F8A812B3-2683-4C7B-9BD2-C5A6A64E0410}.Debug|Any CPU.ActiveCfg = Debug|Any CPU
		{F8A812B3-2683-4C7B-9BD2-C5A6A64E0410}.Debug|Any CPU.Build.0 = Debug|Any CPU
		{F8A812B3-2683-4C7B-9BD2-C5A6A64E0410}.Release|Any CPU.ActiveCfg = Release|Any CPU
		{F8A812B3-2683-4C7B-9BD2-C5A6A64E0410}.Release|Any CPU.Build.0 = Release|Any CPU
		{92C660ED-B570-49AE-AB0F-AC11BA017AF2}.Debug|Any CPU.ActiveCfg = Debug|Any CPU
		{92C660ED-B570-49AE-AB0F-AC11BA017AF2}.Debug|Any CPU.Build.0 = Debug|Any CPU
		{92C660ED-B570-49AE-AB0F-AC11BA017AF2}.Release|Any CPU.ActiveCfg = Release|Any CPU
		{92C660ED-B570-49AE-AB0F-AC11BA017AF2}.Release|Any CPU.Build.0 = Release|Any CPU
		{602FF178-A5E4-4757-B829-02EFF8483ACE}.Debug|Any CPU.ActiveCfg = Debug|Any CPU
		{602FF178-A5E4-4757-B829-02EFF8483ACE}.Debug|Any CPU.Build.0 = Debug|Any CPU
		{602FF178-A5E4-4757-B829-02EFF8483ACE}.Release|Any CPU.ActiveCfg = Release|Any CPU
		{602FF178-A5E4-4757-B829-02EFF8483ACE}.Release|Any CPU.Build.0 = Release|Any CPU
		{D5AA8E6E-ADC6-457A-B8A7-3E5B61338D45}.Debug|Any CPU.ActiveCfg = Debug|Any CPU
		{D5AA8E6E-ADC6-457A-B8A7-3E5B61338D45}.Debug|Any CPU.Build.0 = Debug|Any CPU
		{D5AA8E6E-ADC6-457A-B8A7-3E5B61338D45}.Release|Any CPU.ActiveCfg = Release|Any CPU
		{D5AA8E6E-ADC6-457A-B8A7-3E5B61338D45}.Release|Any CPU.Build.0 = Release|Any CPU
	EndGlobalSection
	GlobalSection(SolutionProperties) = preSolution
		HideSolutionNode = FALSE
	EndGlobalSection
	GlobalSection(NestedProjects) = preSolution
		{47688532-DD3F-465C-814D-0E95AF5A657B} = {A266625F-7607-469F-BDA7-B9AB14ABBBF6}
		{DE8E14B2-E9AE-477C-86B4-2F34E9A7799B} = {D62FEDCA-D28F-47E0-94E5-DF23C2194813}
		{F8A812B3-2683-4C7B-9BD2-C5A6A64E0410} = {A266625F-7607-469F-BDA7-B9AB14ABBBF6}
		{92C660ED-B570-49AE-AB0F-AC11BA017AF2} = {A266625F-7607-469F-BDA7-B9AB14ABBBF6}
		{602FF178-A5E4-4757-B829-02EFF8483ACE} = {A266625F-7607-469F-BDA7-B9AB14ABBBF6}
	EndGlobalSection
	GlobalSection(ExtensibilityGlobals) = postSolution
		SolutionGuid = {D3FE3A7F-3AA1-4D52-95F5-45F272CB3C49}
	EndGlobalSection
EndGlobal
