
Microsoft Visual Studio Solution File, Format Version 12.00
# Visual Studio Version 16
VisualStudioVersion = 16.0.31320.298
MinimumVisualStudioVersion = 10.0.40219.1
Project("{9A19103F-16F7-4668-BE54-9A1E7A4F7556}") = "IOSLib", "iOSLib\IOSLib.csproj", "{47688532-DD3F-465C-814D-0E95AF5A657B}"
EndProject
Project("{9A19103F-16F7-4668-BE54-9A1E7A4F7556}") = "Test", "Test\Test.csproj", "{DE8E14B2-E9AE-477C-86B4-2F34E9A7799B}"
EndProject
Project("{9A19103F-16F7-4668-BE54-9A1E7A4F7556}") = "iOSLib.SourceGenerator", "iOSLib.SourceGenerator\iOSLib.SourceGenerator.csproj", "{F8A812B3-2683-4C7B-9BD2-C5A6A64E0410}"
EndProject
Project("{9A19103F-16F7-4668-BE54-9A1E7A4F7556}") = "IOSLib.DiagnosticsRelay", "IOSLib.DiagnosticsRelay\IOSLib.DiagnosticsRelay.csproj", "{1AF8B1C3-A747-493D-8169-AB2E480C16C1}"
EndProject
Project("{9A19103F-16F7-4668-BE54-9A1E7A4F7556}") = "IOSLib.CompilerServices", "IOSLib.CompilerServices\IOSLib.CompilerServices.csproj", "{92C660ED-B570-49AE-AB0F-AC11BA017AF2}"
EndProject
Global
	GlobalSection(SolutionConfigurationPlatforms) = preSolution
		Debug|Any CPU = Debug|Any CPU
		Release|Any CPU = Release|Any CPU
	EndGlobalSection
	GlobalSection(ProjectConfigurationPlatforms) = postSolution
		{47688532-DD3F-465C-814D-0E95AF5A657B}.Debug|Any CPU.ActiveCfg = Debug|Any CPU
		{47688532-DD3F-465C-814D-0E95AF5A657B}.Debug|Any CPU.Build.0 = Debug|Any CPU
		{47688532-DD3F-465C-814D-0E95AF5A657B}.Release|Any CPU.ActiveCfg = Release|Any CPU
		{47688532-DD3F-465C-814D-0E95AF5A657B}.Release|Any CPU.Build.0 = Release|Any CPU
		{DE8E14B2-E9AE-477C-86B4-2F34E9A7799B}.Debug|Any CPU.ActiveCfg = Debug|Any CPU
		{DE8E14B2-E9AE-477C-86B4-2F34E9A7799B}.Debug|Any CPU.Build.0 = Debug|Any CPU
		{DE8E14B2-E9AE-477C-86B4-2F34E9A7799B}.Release|Any CPU.ActiveCfg = Release|Any CPU
		{DE8E14B2-E9AE-477C-86B4-2F34E9A7799B}.Release|Any CPU.Build.0 = Release|Any CPU
		{F8A812B3-2683-4C7B-9BD2-C5A6A64E0410}.Debug|Any CPU.ActiveCfg = Debug|Any CPU
		{F8A812B3-2683-4C7B-9BD2-C5A6A64E0410}.Debug|Any CPU.Build.0 = Debug|Any CPU
		{F8A812B3-2683-4C7B-9BD2-C5A6A64E0410}.Release|Any CPU.ActiveCfg = Release|Any CPU
		{F8A812B3-2683-4C7B-9BD2-C5A6A64E0410}.Release|Any CPU.Build.0 = Release|Any CPU
		{1AF8B1C3-A747-493D-8169-AB2E480C16C1}.Debug|Any CPU.ActiveCfg = Debug|Any CPU
		{1AF8B1C3-A747-493D-8169-AB2E480C16C1}.Debug|Any CPU.Build.0 = Debug|Any CPU
		{1AF8B1C3-A747-493D-8169-AB2E480C16C1}.Release|Any CPU.ActiveCfg = Release|Any CPU
		{1AF8B1C3-A747-493D-8169-AB2E480C16C1}.Release|Any CPU.Build.0 = Release|Any CPU
		{92C660ED-B570-49AE-AB0F-AC11BA017AF2}.Debug|Any CPU.ActiveCfg = Debug|Any CPU
		{92C660ED-B570-49AE-AB0F-AC11BA017AF2}.Debug|Any CPU.Build.0 = Debug|Any CPU
		{92C660ED-B570-49AE-AB0F-AC11BA017AF2}.Release|Any CPU.ActiveCfg = Release|Any CPU
		{92C660ED-B570-49AE-AB0F-AC11BA017AF2}.Release|Any CPU.Build.0 = Release|Any CPU
	EndGlobalSection
	GlobalSection(SolutionProperties) = preSolution
		HideSolutionNode = FALSE
	EndGlobalSection
	GlobalSection(ExtensibilityGlobals) = postSolution
		SolutionGuid = {D3FE3A7F-3AA1-4D52-95F5-45F272CB3C49}
	EndGlobalSection
EndGlobal
